
Microsoft Visual Studio Solution File, Format Version 12.00
# Visual Studio Version 16
VisualStudioVersion = 16.0.31613.86
MinimumVisualStudioVersion = 10.0.40219.1
Project("{FAE04EC0-301F-11D3-BF4B-00C04F79EFBC}") = "Shop", "Shop\Shop.csproj", "{BC20FFC2-79CB-4E5D-8959-ADAC4A2A2831}"
EndProject
Global
	GlobalSection(SolutionConfigurationPlatforms) = preSolution
		Debug|Any CPU = Debug|Any CPU
		Release|Any CPU = Release|Any CPU
	EndGlobalSection
	GlobalSection(ProjectConfigurationPlatforms) = postSolution
		{BC20FFC2-79CB-4E5D-8959-ADAC4A2A2831}.Debug|Any CPU.ActiveCfg = Debug|Any CPU
		{BC20FFC2-79CB-4E5D-8959-ADAC4A2A2831}.Debug|Any CPU.Build.0 = Debug|Any CPU
		{BC20FFC2-79CB-4E5D-8959-ADAC4A2A2831}.Release|Any CPU.ActiveCfg = Release|Any CPU
		{BC20FFC2-79CB-4E5D-8959-ADAC4A2A2831}.Release|Any CPU.Build.0 = Release|Any CPU
	EndGlobalSection
	GlobalSection(SolutionProperties) = preSolution
		HideSolutionNode = FALSE
	EndGlobalSection
	GlobalSection(ExtensibilityGlobals) = postSolution
		SolutionGuid = {C776EA03-94FB-4805-B0BD-DBA60D9C207A}
	EndGlobalSection
EndGlobal
